
Microsoft Visual Studio Solution File, Format Version 12.00
# Visual Studio 2012
Project("{8BC9CEB8-8B4A-11D0-8D11-00A0C91BC942}") = "LogView", "LogView.vcxproj", "{76A39BB2-9B84-4C65-98A5-654D86B86F2A}"
EndProject
Project("{8BC9CEB8-8B4A-11D0-8D11-00A0C91BC942}") = "CrossPlat", "..\..\CrossPlat\CrossPlat\CrossPlat.vcxproj", "{FA19BE82-0F19-4448-86BC-D9043061F61C}"
EndProject
Project("{8BC9CEB8-8B4A-11D0-8D11-00A0C91BC942}") = "Encrypt", "..\..\Encrypt\Encrypt\Encrypt.vcxproj", "{7101ABD0-B1DC-4C33-8EC2-7D0C3BA54E8F}"
EndProject
Project("{8BC9CEB8-8B4A-11D0-8D11-00A0C91BC942}") = "LogCore", "..\..\LogCore\LogCore\LogCore.vcxproj", "{788F7AAF-F2B4-4D10-A9BD-925489E4E69D}"
EndProject
Project("{8BC9CEB8-8B4A-11D0-8D11-00A0C91BC942}") = "NetApp", "..\..\NetApp\NetApp\NetApp.vcxproj", "{BD889A72-ACD8-4271-A89A-22E21ED6212E}"
EndProject
Project("{8BC9CEB8-8B4A-11D0-8D11-00A0C91BC942}") = "TraceWorker", "..\..\TraceWorker\TraceWorker\TraceWorker.vcxproj", "{013819B8-9C4E-40BB-BE8D-F8AD5C67F3A2}"
EndProject
Global
	GlobalSection(SolutionConfigurationPlatforms) = preSolution
		Debug|Win32 = Debug|Win32
		Release|Win32 = Release|Win32
	EndGlobalSection
	GlobalSection(ProjectConfigurationPlatforms) = postSolution
		{76A39BB2-9B84-4C65-98A5-654D86B86F2A}.Debug|Win32.ActiveCfg = Debug|Win32
		{76A39BB2-9B84-4C65-98A5-654D86B86F2A}.Debug|Win32.Build.0 = Debug|Win32
		{76A39BB2-9B84-4C65-98A5-654D86B86F2A}.Release|Win32.ActiveCfg = Release|Win32
		{76A39BB2-9B84-4C65-98A5-654D86B86F2A}.Release|Win32.Build.0 = Release|Win32
		{FA19BE82-0F19-4448-86BC-D9043061F61C}.Debug|Win32.ActiveCfg = Debug|Win32
		{FA19BE82-0F19-4448-86BC-D9043061F61C}.Debug|Win32.Build.0 = Debug|Win32
		{FA19BE82-0F19-4448-86BC-D9043061F61C}.Release|Win32.ActiveCfg = Release|Win32
		{FA19BE82-0F19-4448-86BC-D9043061F61C}.Release|Win32.Build.0 = Release|Win32
		{7101ABD0-B1DC-4C33-8EC2-7D0C3BA54E8F}.Debug|Win32.ActiveCfg = Debug|Win32
		{7101ABD0-B1DC-4C33-8EC2-7D0C3BA54E8F}.Debug|Win32.Build.0 = Debug|Win32
		{7101ABD0-B1DC-4C33-8EC2-7D0C3BA54E8F}.Release|Win32.ActiveCfg = Release|Win32
		{7101ABD0-B1DC-4C33-8EC2-7D0C3BA54E8F}.Release|Win32.Build.0 = Release|Win32
		{788F7AAF-F2B4-4D10-A9BD-925489E4E69D}.Debug|Win32.ActiveCfg = Debug|Win32
		{788F7AAF-F2B4-4D10-A9BD-925489E4E69D}.Debug|Win32.Build.0 = Debug|Win32
		{788F7AAF-F2B4-4D10-A9BD-925489E4E69D}.Release|Win32.ActiveCfg = Release|Win32
		{788F7AAF-F2B4-4D10-A9BD-925489E4E69D}.Release|Win32.Build.0 = Release|Win32
		{BD889A72-ACD8-4271-A89A-22E21ED6212E}.Debug|Win32.ActiveCfg = Debug|Win32
		{BD889A72-ACD8-4271-A89A-22E21ED6212E}.Debug|Win32.Build.0 = Debug|Win32
		{BD889A72-ACD8-4271-A89A-22E21ED6212E}.Release|Win32.ActiveCfg = Release|Win32
		{BD889A72-ACD8-4271-A89A-22E21ED6212E}.Release|Win32.Build.0 = Release|Win32
		{013819B8-9C4E-40BB-BE8D-F8AD5C67F3A2}.Debug|Win32.ActiveCfg = Debug|Win32
		{013819B8-9C4E-40BB-BE8D-F8AD5C67F3A2}.Debug|Win32.Build.0 = Debug|Win32
		{013819B8-9C4E-40BB-BE8D-F8AD5C67F3A2}.Release|Win32.ActiveCfg = Release|Win32
		{013819B8-9C4E-40BB-BE8D-F8AD5C67F3A2}.Release|Win32.Build.0 = Release|Win32
	EndGlobalSection
	GlobalSection(SolutionProperties) = preSolution
		HideSolutionNode = FALSE
	EndGlobalSection
EndGlobal
